// !$*UTF8*$!
{
	archiveVersion = 1;
	classes = {
	};
	objectVersion = 46;
	objects = {

/* Begin PBXBuildFile section */
		07FB97B91B70989C00D1D8F8 /* AppDelegate.swift in Sources */ = {isa = PBXBuildFile; fileRef = 07FB97B81B70989C00D1D8F8 /* AppDelegate.swift */; };
		07FB97BB1B70989C00D1D8F8 /* ViewController.swift in Sources */ = {isa = PBXBuildFile; fileRef = 07FB97BA1B70989C00D1D8F8 /* ViewController.swift */; };
		07FB97BE1B70989C00D1D8F8 /* Main.storyboard in Resources */ = {isa = PBXBuildFile; fileRef = 07FB97BC1B70989C00D1D8F8 /* Main.storyboard */; };
		07FB97C01B70989C00D1D8F8 /* Images.xcassets in Resources */ = {isa = PBXBuildFile; fileRef = 07FB97BF1B70989C00D1D8F8 /* Images.xcassets */; };
		07FB97C31B70989C00D1D8F8 /* LaunchScreen.xib in Resources */ = {isa = PBXBuildFile; fileRef = 07FB97C11B70989C00D1D8F8 /* LaunchScreen.xib */; };
		07FB97CF1B70989C00D1D8F8 /* TestSamplesTests.swift in Sources */ = {isa = PBXBuildFile; fileRef = 07FB97CE1B70989C00D1D8F8 /* TestSamplesTests.swift */; };
		0D311B77E148C6DBE76A4F39 /* Pods_TestSamples.framework in Frameworks */ = {isa = PBXBuildFile; fileRef = 4978ECE24BFAF1304504A935 /* Pods_TestSamples.framework */; settings = {ATTRIBUTES = (Weak, ); }; };
		88E908981C60C2D3E1466741 /* Pods_TestSamplesTests.framework in Frameworks */ = {isa = PBXBuildFile; fileRef = 5E280A921FBAAFC6B81291BE /* Pods_TestSamplesTests.framework */; settings = {ATTRIBUTES = (Weak, ); }; };
/* End PBXBuildFile section */

/* Begin PBXContainerItemProxy section */
		07FB97C91B70989C00D1D8F8 /* PBXContainerItemProxy */ = {
			isa = PBXContainerItemProxy;
			containerPortal = 07FB97AB1B70989C00D1D8F8 /* Project object */;
			proxyType = 1;
			remoteGlobalIDString = 07FB97B21B70989C00D1D8F8;
			remoteInfo = TestSamples;
		};
/* End PBXContainerItemProxy section */

/* Begin PBXFileReference section */
		07FB97B31B70989C00D1D8F8 /* TestSamples.app */ = {isa = PBXFileReference; explicitFileType = wrapper.application; includeInIndex = 0; path = TestSamples.app; sourceTree = BUILT_PRODUCTS_DIR; };
		07FB97B71B70989C00D1D8F8 /* Info.plist */ = {isa = PBXFileReference; lastKnownFileType = text.plist.xml; path = Info.plist; sourceTree = "<group>"; };
		07FB97B81B70989C00D1D8F8 /* AppDelegate.swift */ = {isa = PBXFileReference; lastKnownFileType = sourcecode.swift; path = AppDelegate.swift; sourceTree = "<group>"; };
		07FB97BA1B70989C00D1D8F8 /* ViewController.swift */ = {isa = PBXFileReference; lastKnownFileType = sourcecode.swift; path = ViewController.swift; sourceTree = "<group>"; };
		07FB97BD1B70989C00D1D8F8 /* Base */ = {isa = PBXFileReference; lastKnownFileType = file.storyboard; name = Base; path = Base.lproj/Main.storyboard; sourceTree = "<group>"; };
		07FB97BF1B70989C00D1D8F8 /* Images.xcassets */ = {isa = PBXFileReference; lastKnownFileType = folder.assetcatalog; path = Images.xcassets; sourceTree = "<group>"; };
		07FB97C21B70989C00D1D8F8 /* Base */ = {isa = PBXFileReference; lastKnownFileType = file.xib; name = Base; path = Base.lproj/LaunchScreen.xib; sourceTree = "<group>"; };
		07FB97C81B70989C00D1D8F8 /* TestSamplesTests.xctest */ = {isa = PBXFileReference; explicitFileType = wrapper.cfbundle; includeInIndex = 0; path = TestSamplesTests.xctest; sourceTree = BUILT_PRODUCTS_DIR; };
		07FB97CD1B70989C00D1D8F8 /* Info.plist */ = {isa = PBXFileReference; lastKnownFileType = text.plist.xml; path = Info.plist; sourceTree = "<group>"; };
		07FB97CE1B70989C00D1D8F8 /* TestSamplesTests.swift */ = {isa = PBXFileReference; lastKnownFileType = sourcecode.swift; path = TestSamplesTests.swift; sourceTree = "<group>"; };
		4978ECE24BFAF1304504A935 /* Pods_TestSamples.framework */ = {isa = PBXFileReference; explicitFileType = wrapper.framework; includeInIndex = 0; path = Pods_TestSamples.framework; sourceTree = BUILT_PRODUCTS_DIR; };
		4BC08DCA4CECE28F5779E0D2 /* Pods-TestSamplesTests.release.xcconfig */ = {isa = PBXFileReference; includeInIndex = 1; lastKnownFileType = text.xcconfig; name = "Pods-TestSamplesTests.release.xcconfig"; path = "Pods/Target Support Files/Pods-TestSamplesTests/Pods-TestSamplesTests.release.xcconfig"; sourceTree = "<group>"; };
		5E280A921FBAAFC6B81291BE /* Pods_TestSamplesTests.framework */ = {isa = PBXFileReference; explicitFileType = wrapper.framework; includeInIndex = 0; path = Pods_TestSamplesTests.framework; sourceTree = BUILT_PRODUCTS_DIR; };
		C4A5BE940DE2AF646256D113 /* Pods-TestSamples.release.xcconfig */ = {isa = PBXFileReference; includeInIndex = 1; lastKnownFileType = text.xcconfig; name = "Pods-TestSamples.release.xcconfig"; path = "Pods/Target Support Files/Pods-TestSamples/Pods-TestSamples.release.xcconfig"; sourceTree = "<group>"; };
		DD32FBB84DC4B5FECB7A584A /* Pods-TestSamplesTests.debug.xcconfig */ = {isa = PBXFileReference; includeInIndex = 1; lastKnownFileType = text.xcconfig; name = "Pods-TestSamplesTests.debug.xcconfig"; path = "Pods/Target Support Files/Pods-TestSamplesTests/Pods-TestSamplesTests.debug.xcconfig"; sourceTree = "<group>"; };
		E91C87B885BA4E65256A0393 /* Pods-TestSamples.debug.xcconfig */ = {isa = PBXFileReference; includeInIndex = 1; lastKnownFileType = text.xcconfig; name = "Pods-TestSamples.debug.xcconfig"; path = "Pods/Target Support Files/Pods-TestSamples/Pods-TestSamples.debug.xcconfig"; sourceTree = "<group>"; };
/* End PBXFileReference section */

/* Begin PBXFrameworksBuildPhase section */
		07FB97B01B70989C00D1D8F8 /* Frameworks */ = {
			isa = PBXFrameworksBuildPhase;
			buildActionMask = 2147483647;
			files = (
				0D311B77E148C6DBE76A4F39 /* Pods_TestSamples.framework in Frameworks */,
			);
			runOnlyForDeploymentPostprocessing = 0;
		};
		07FB97C51B70989C00D1D8F8 /* Frameworks */ = {
			isa = PBXFrameworksBuildPhase;
			buildActionMask = 2147483647;
			files = (
				88E908981C60C2D3E1466741 /* Pods_TestSamplesTests.framework in Frameworks */,
			);
			runOnlyForDeploymentPostprocessing = 0;
		};
/* End PBXFrameworksBuildPhase section */

/* Begin PBXGroup section */
		07FB97AA1B70989C00D1D8F8 = {
			isa = PBXGroup;
			children = (
				07FB97B51B70989C00D1D8F8 /* TestSamples */,
				07FB97CB1B70989C00D1D8F8 /* TestSamplesTests */,
				07FB97B41B70989C00D1D8F8 /* Products */,
				448F19B57B2CB3C26BF5FA4D /* Pods */,
				AC878E068EF52BA5084D6471 /* Frameworks */,
			);
			sourceTree = "<group>";
		};
		07FB97B41B70989C00D1D8F8 /* Products */ = {
			isa = PBXGroup;
			children = (
				07FB97B31B70989C00D1D8F8 /* TestSamples.app */,
				07FB97C81B70989C00D1D8F8 /* TestSamplesTests.xctest */,
			);
			name = Products;
			sourceTree = "<group>";
		};
		07FB97B51B70989C00D1D8F8 /* TestSamples */ = {
			isa = PBXGroup;
			children = (
				07FB97B81B70989C00D1D8F8 /* AppDelegate.swift */,
				07FB97BA1B70989C00D1D8F8 /* ViewController.swift */,
				07FB97BC1B70989C00D1D8F8 /* Main.storyboard */,
				07FB97BF1B70989C00D1D8F8 /* Images.xcassets */,
				07FB97C11B70989C00D1D8F8 /* LaunchScreen.xib */,
				07FB97B61B70989C00D1D8F8 /* Supporting Files */,
			);
			path = TestSamples;
			sourceTree = "<group>";
		};
		07FB97B61B70989C00D1D8F8 /* Supporting Files */ = {
			isa = PBXGroup;
			children = (
				07FB97B71B70989C00D1D8F8 /* Info.plist */,
			);
			name = "Supporting Files";
			sourceTree = "<group>";
		};
		07FB97CB1B70989C00D1D8F8 /* TestSamplesTests */ = {
			isa = PBXGroup;
			children = (
				07FB97CE1B70989C00D1D8F8 /* TestSamplesTests.swift */,
				07FB97CC1B70989C00D1D8F8 /* Supporting Files */,
			);
			path = TestSamplesTests;
			sourceTree = "<group>";
		};
		07FB97CC1B70989C00D1D8F8 /* Supporting Files */ = {
			isa = PBXGroup;
			children = (
				07FB97CD1B70989C00D1D8F8 /* Info.plist */,
			);
			name = "Supporting Files";
			sourceTree = "<group>";
		};
		448F19B57B2CB3C26BF5FA4D /* Pods */ = {
			isa = PBXGroup;
			children = (
				E91C87B885BA4E65256A0393 /* Pods-TestSamples.debug.xcconfig */,
				C4A5BE940DE2AF646256D113 /* Pods-TestSamples.release.xcconfig */,
				DD32FBB84DC4B5FECB7A584A /* Pods-TestSamplesTests.debug.xcconfig */,
				4BC08DCA4CECE28F5779E0D2 /* Pods-TestSamplesTests.release.xcconfig */,
			);
			name = Pods;
			sourceTree = "<group>";
		};
		AC878E068EF52BA5084D6471 /* Frameworks */ = {
			isa = PBXGroup;
			children = (
				4978ECE24BFAF1304504A935 /* Pods_TestSamples.framework */,
				5E280A921FBAAFC6B81291BE /* Pods_TestSamplesTests.framework */,
			);
			name = Frameworks;
			sourceTree = "<group>";
		};
/* End PBXGroup section */

/* Begin PBXNativeTarget section */
		07FB97B21B70989C00D1D8F8 /* TestSamples */ = {
			isa = PBXNativeTarget;
			buildConfigurationList = 07FB97D21B70989C00D1D8F8 /* Build configuration list for PBXNativeTarget "TestSamples" */;
			buildPhases = (
				BB34E1DDE3CF5139B3D497CF /* Check Pods Manifest.lock */,
				07FB97AF1B70989C00D1D8F8 /* Sources */,
				07FB97B01B70989C00D1D8F8 /* Frameworks */,
				07FB97B11B70989C00D1D8F8 /* Resources */,
				34DA7C585565D78CCDCAF212 /* Embed Pods Frameworks */,
				D1F551105D2E7C081E54D560 /* Copy Pods Resources */,
			);
			buildRules = (
			);
			dependencies = (
			);
			name = TestSamples;
			productName = TestSamples;
			productReference = 07FB97B31B70989C00D1D8F8 /* TestSamples.app */;
			productType = "com.apple.product-type.application";
		};
		07FB97C71B70989C00D1D8F8 /* TestSamplesTests */ = {
			isa = PBXNativeTarget;
			buildConfigurationList = 07FB97D51B70989C00D1D8F8 /* Build configuration list for PBXNativeTarget "TestSamplesTests" */;
			buildPhases = (
				E8DABA4D6790A20EC8ED6AF4 /* Check Pods Manifest.lock */,
				07FB97C41B70989C00D1D8F8 /* Sources */,
				07FB97C51B70989C00D1D8F8 /* Frameworks */,
				07FB97C61B70989C00D1D8F8 /* Resources */,
				3CCAC574E56CCE84733DCF1E /* Embed Pods Frameworks */,
				CE07CBC277EDDDBFF146BC6C /* Copy Pods Resources */,
			);
			buildRules = (
			);
			dependencies = (
				07FB97CA1B70989C00D1D8F8 /* PBXTargetDependency */,
			);
			name = TestSamplesTests;
			productName = TestSamplesTests;
			productReference = 07FB97C81B70989C00D1D8F8 /* TestSamplesTests.xctest */;
			productType = "com.apple.product-type.bundle.unit-test";
		};
/* End PBXNativeTarget section */

/* Begin PBXProject section */
		07FB97AB1B70989C00D1D8F8 /* Project object */ = {
			isa = PBXProject;
			attributes = {
				LastUpgradeCheck = 0640;
				ORGANIZATIONNAME = kodam;
				TargetAttributes = {
					07FB97B21B70989C00D1D8F8 = {
						CreatedOnToolsVersion = 6.4;
					};
					07FB97C71B70989C00D1D8F8 = {
						CreatedOnToolsVersion = 6.4;
						TestTargetID = 07FB97B21B70989C00D1D8F8;
					};
				};
			};
			buildConfigurationList = 07FB97AE1B70989C00D1D8F8 /* Build configuration list for PBXProject "TestSamples" */;
			compatibilityVersion = "Xcode 3.2";
			developmentRegion = English;
			hasScannedForEncodings = 0;
			knownRegions = (
				en,
				Base,
			);
			mainGroup = 07FB97AA1B70989C00D1D8F8;
			productRefGroup = 07FB97B41B70989C00D1D8F8 /* Products */;
			projectDirPath = "";
			projectRoot = "";
			targets = (
				07FB97B21B70989C00D1D8F8 /* TestSamples */,
				07FB97C71B70989C00D1D8F8 /* TestSamplesTests */,
			);
		};
/* End PBXProject section */

/* Begin PBXResourcesBuildPhase section */
		07FB97B11B70989C00D1D8F8 /* Resources */ = {
			isa = PBXResourcesBuildPhase;
			buildActionMask = 2147483647;
			files = (
				07FB97BE1B70989C00D1D8F8 /* Main.storyboard in Resources */,
				07FB97C31B70989C00D1D8F8 /* LaunchScreen.xib in Resources */,
				07FB97C01B70989C00D1D8F8 /* Images.xcassets in Resources */,
			);
			runOnlyForDeploymentPostprocessing = 0;
		};
		07FB97C61B70989C00D1D8F8 /* Resources */ = {
			isa = PBXResourcesBuildPhase;
			buildActionMask = 2147483647;
			files = (
			);
			runOnlyForDeploymentPostprocessing = 0;
		};
/* End PBXResourcesBuildPhase section */

/* Begin PBXShellScriptBuildPhase section */
		34DA7C585565D78CCDCAF212 /* Embed Pods Frameworks */ = {
			isa = PBXShellScriptBuildPhase;
			buildActionMask = 2147483647;
			files = (
			);
			inputPaths = (
			);
			name = "Embed Pods Frameworks";
			outputPaths = (
			);
			runOnlyForDeploymentPostprocessing = 0;
			shellPath = /bin/sh;
			shellScript = "\"${SRCROOT}/Pods/Target Support Files/Pods-TestSamples/Pods-TestSamples-frameworks.sh\"\n";
			showEnvVarsInLog = 0;
		};
		3CCAC574E56CCE84733DCF1E /* Embed Pods Frameworks */ = {
			isa = PBXShellScriptBuildPhase;
			buildActionMask = 2147483647;
			files = (
			);
			inputPaths = (
			);
			name = "Embed Pods Frameworks";
			outputPaths = (
			);
			runOnlyForDeploymentPostprocessing = 0;
			shellPath = /bin/sh;
			shellScript = "\"${SRCROOT}/Pods/Target Support Files/Pods-TestSamplesTests/Pods-TestSamplesTests-frameworks.sh\"\n";
			showEnvVarsInLog = 0;
		};
		BB34E1DDE3CF5139B3D497CF /* Check Pods Manifest.lock */ = {
			isa = PBXShellScriptBuildPhase;
			buildActionMask = 2147483647;
			files = (
			);
			inputPaths = (
			);
			name = "Check Pods Manifest.lock";
			outputPaths = (
			);
			runOnlyForDeploymentPostprocessing = 0;
			shellPath = /bin/sh;
			shellScript = "diff \"${PODS_ROOT}/../Podfile.lock\" \"${PODS_ROOT}/Manifest.lock\" > /dev/null\nif [[ $? != 0 ]] ; then\n    cat << EOM\nerror: The sandbox is not in sync with the Podfile.lock. Run 'pod install' or update your CocoaPods installation.\nEOM\n    exit 1\nfi\n";
			showEnvVarsInLog = 0;
		};
		CE07CBC277EDDDBFF146BC6C /* Copy Pods Resources */ = {
			isa = PBXShellScriptBuildPhase;
			buildActionMask = 2147483647;
			files = (
			);
			inputPaths = (
			);
			name = "Copy Pods Resources";
			outputPaths = (
			);
			runOnlyForDeploymentPostprocessing = 0;
			shellPath = /bin/sh;
			shellScript = "\"${SRCROOT}/Pods/Target Support Files/Pods-TestSamplesTests/Pods-TestSamplesTests-resources.sh\"\n";
			showEnvVarsInLog = 0;
		};
		D1F551105D2E7C081E54D560 /* Copy Pods Resources */ = {
			isa = PBXShellScriptBuildPhase;
			buildActionMask = 2147483647;
			files = (
			);
			inputPaths = (
			);
			name = "Copy Pods Resources";
			outputPaths = (
			);
			runOnlyForDeploymentPostprocessing = 0;
			shellPath = /bin/sh;
			shellScript = "\"${SRCROOT}/Pods/Target Support Files/Pods-TestSamples/Pods-TestSamples-resources.sh\"\n";
			showEnvVarsInLog = 0;
		};
		E8DABA4D6790A20EC8ED6AF4 /* Check Pods Manifest.lock */ = {
			isa = PBXShellScriptBuildPhase;
			buildActionMask = 2147483647;
			files = (
			);
			inputPaths = (
			);
			name = "Check Pods Manifest.lock";
			outputPaths = (
			);
			runOnlyForDeploymentPostprocessing = 0;
			shellPath = /bin/sh;
			shellScript = "diff \"${PODS_ROOT}/../Podfile.lock\" \"${PODS_ROOT}/Manifest.lock\" > /dev/null\nif [[ $? != 0 ]] ; then\n    cat << EOM\nerror: The sandbox is not in sync with the Podfile.lock. Run 'pod install' or update your CocoaPods installation.\nEOM\n    exit 1\nfi\n";
			showEnvVarsInLog = 0;
		};
/* End PBXShellScriptBuildPhase section */

/* Begin PBXSourcesBuildPhase section */
		07FB97AF1B70989C00D1D8F8 /* Sources */ = {
			isa = PBXSourcesBuildPhase;
			buildActionMask = 2147483647;
			files = (
				07FB97BB1B70989C00D1D8F8 /* ViewController.swift in Sources */,
				07FB97B91B70989C00D1D8F8 /* AppDelegate.swift in Sources */,
			);
			runOnlyForDeploymentPostprocessing = 0;
		};
		07FB97C41B70989C00D1D8F8 /* Sources */ = {
			isa = PBXSourcesBuildPhase;
			buildActionMask = 2147483647;
			files = (
				07FB97CF1B70989C00D1D8F8 /* TestSamplesTests.swift in Sources */,
			);
			runOnlyForDeploymentPostprocessing = 0;
		};
/* End PBXSourcesBuildPhase section */

/* Begin PBXTargetDependency section */
		07FB97CA1B70989C00D1D8F8 /* PBXTargetDependency */ = {
			isa = PBXTargetDependency;
			target = 07FB97B21B70989C00D1D8F8 /* TestSamples */;
			targetProxy = 07FB97C91B70989C00D1D8F8 /* PBXContainerItemProxy */;
		};
/* End PBXTargetDependency section */

/* Begin PBXVariantGroup section */
		07FB97BC1B70989C00D1D8F8 /* Main.storyboard */ = {
			isa = PBXVariantGroup;
			children = (
				07FB97BD1B70989C00D1D8F8 /* Base */,
			);
			name = Main.storyboard;
			sourceTree = "<group>";
		};
		07FB97C11B70989C00D1D8F8 /* LaunchScreen.xib */ = {
			isa = PBXVariantGroup;
			children = (
				07FB97C21B70989C00D1D8F8 /* Base */,
			);
			name = LaunchScreen.xib;
			sourceTree = "<group>";
		};
/* End PBXVariantGroup section */

/* Begin XCBuildConfiguration section */
		07FB97D01B70989C00D1D8F8 /* Debug */ = {
			isa = XCBuildConfiguration;
			buildSettings = {
				ALWAYS_SEARCH_USER_PATHS = NO;
				CLANG_CXX_LANGUAGE_STANDARD = "gnu++0x";
				CLANG_CXX_LIBRARY = "libc++";
				CLANG_ENABLE_MODULES = YES;
				CLANG_ENABLE_OBJC_ARC = YES;
				CLANG_WARN_BOOL_CONVERSION = YES;
				CLANG_WARN_CONSTANT_CONVERSION = YES;
				CLANG_WARN_DIRECT_OBJC_ISA_USAGE = YES_ERROR;
				CLANG_WARN_EMPTY_BODY = YES;
				CLANG_WARN_ENUM_CONVERSION = YES;
				CLANG_WARN_INT_CONVERSION = YES;
				CLANG_WARN_OBJC_ROOT_CLASS = YES_ERROR;
				CLANG_WARN_UNREACHABLE_CODE = YES;
				CLANG_WARN__DUPLICATE_METHOD_MATCH = YES;
				"CODE_SIGN_IDENTITY[sdk=iphoneos*]" = "iPhone Developer";
				COPY_PHASE_STRIP = NO;
				DEBUG_INFORMATION_FORMAT = "dwarf-with-dsym";
				ENABLE_STRICT_OBJC_MSGSEND = YES;
				GCC_C_LANGUAGE_STANDARD = gnu99;
				GCC_DYNAMIC_NO_PIC = NO;
				GCC_NO_COMMON_BLOCKS = YES;
				GCC_OPTIMIZATION_LEVEL = 0;
				GCC_PREPROCESSOR_DEFINITIONS = (
					"DEBUG=1",
					"$(inherited)",
				);
				GCC_SYMBOLS_PRIVATE_EXTERN = NO;
				GCC_WARN_64_TO_32_BIT_CONVERSION = YES;
				GCC_WARN_ABOUT_RETURN_TYPE = YES_ERROR;
				GCC_WARN_UNDECLARED_SELECTOR = YES;
				GCC_WARN_UNINITIALIZED_AUTOS = YES_AGGRESSIVE;
				GCC_WARN_UNUSED_FUNCTION = YES;
				GCC_WARN_UNUSED_VARIABLE = YES;
				IPHONEOS_DEPLOYMENT_TARGET = 8.4;
				MTL_ENABLE_DEBUG_INFO = YES;
				ONLY_ACTIVE_ARCH = YES;
				SDKROOT = iphoneos;
				SWIFT_OPTIMIZATION_LEVEL = "-Onone";
				TARGETED_DEVICE_FAMILY = "1,2";
			};
			name = Debug;
		};
		07FB97D11B70989C00D1D8F8 /* Release */ = {
			isa = XCBuildConfiguration;
			buildSettings = {
				ALWAYS_SEARCH_USER_PATHS = NO;
				CLANG_CXX_LANGUAGE_STANDARD = "gnu++0x";
				CLANG_CXX_LIBRARY = "libc++";
				CLANG_ENABLE_MODULES = YES;
				CLANG_ENABLE_OBJC_ARC = YES;
				CLANG_WARN_BOOL_CONVERSION = YES;
				CLANG_WARN_CONSTANT_CONVERSION = YES;
				CLANG_WARN_DIRECT_OBJC_ISA_USAGE = YES_ERROR;
				CLANG_WARN_EMPTY_BODY = YES;
				CLANG_WARN_ENUM_CONVERSION = YES;
				CLANG_WARN_INT_CONVERSION = YES;
				CLANG_WARN_OBJC_ROOT_CLASS = YES_ERROR;
				CLANG_WARN_UNREACHABLE_CODE = YES;
				CLANG_WARN__DUPLICATE_METHOD_MATCH = YES;
				"CODE_SIGN_IDENTITY[sdk=iphoneos*]" = "iPhone Developer";
				COPY_PHASE_STRIP = NO;
				DEBUG_INFORMATION_FORMAT = "dwarf-with-dsym";
				ENABLE_NS_ASSERTIONS = NO;
				ENABLE_STRICT_OBJC_MSGSEND = YES;
				GCC_C_LANGUAGE_STANDARD = gnu99;
				GCC_NO_COMMON_BLOCKS = YES;
				GCC_WARN_64_TO_32_BIT_CONVERSION = YES;
				GCC_WARN_ABOUT_RETURN_TYPE = YES_ERROR;
				GCC_WARN_UNDECLARED_SELECTOR = YES;
				GCC_WARN_UNINITIALIZED_AUTOS = YES_AGGRESSIVE;
				GCC_WARN_UNUSED_FUNCTION = YES;
				GCC_WARN_UNUSED_VARIABLE = YES;
				IPHONEOS_DEPLOYMENT_TARGET = 8.4;
				MTL_ENABLE_DEBUG_INFO = NO;
				SDKROOT = iphoneos;
				TARGETED_DEVICE_FAMILY = "1,2";
				VALIDATE_PRODUCT = YES;
			};
			name = Release;
		};
		07FB97D31B70989C00D1D8F8 /* Debug */ = {
			isa = XCBuildConfiguration;
			baseConfigurationReference = E91C87B885BA4E65256A0393 /* Pods-TestSamples.debug.xcconfig */;
			buildSettings = {
				ASSETCATALOG_COMPILER_APPICON_NAME = AppIcon;
				INFOPLIST_FILE = TestSamples/Info.plist;
				IPHONEOS_DEPLOYMENT_TARGET = 8.2;
				LD_RUNPATH_SEARCH_PATHS = "$(inherited) @executable_path/Frameworks";
				PRODUCT_NAME = "$(TARGET_NAME)";
			};
			name = Debug;
		};
		07FB97D41B70989C00D1D8F8 /* Release */ = {
			isa = XCBuildConfiguration;
			baseConfigurationReference = C4A5BE940DE2AF646256D113 /* Pods-TestSamples.release.xcconfig */;
			buildSettings = {
				ASSETCATALOG_COMPILER_APPICON_NAME = AppIcon;
				INFOPLIST_FILE = TestSamples/Info.plist;
				IPHONEOS_DEPLOYMENT_TARGET = 8.2;
				LD_RUNPATH_SEARCH_PATHS = "$(inherited) @executable_path/Frameworks";
				PRODUCT_NAME = "$(TARGET_NAME)";
			};
			name = Release;
		};
		07FB97D61B70989C00D1D8F8 /* Debug */ = {
			isa = XCBuildConfiguration;
			baseConfigurationReference = DD32FBB84DC4B5FECB7A584A /* Pods-TestSamplesTests.debug.xcconfig */;
			buildSettings = {
				BUNDLE_LOADER = "$(TEST_HOST)";
				FRAMEWORK_SEARCH_PATHS = (
					"$(SDKROOT)/Developer/Library/Frameworks",
					"$(inherited)",
				);
				GCC_PREPROCESSOR_DEFINITIONS = (
					"DEBUG=1",
					"$(inherited)",
				);
				INFOPLIST_FILE = TestSamplesTests/Info.plist;
				LD_RUNPATH_SEARCH_PATHS = "$(inherited) @executable_path/Frameworks @loader_path/Frameworks";
				PRODUCT_NAME = "$(TARGET_NAME)";
				TEST_HOST = "$(BUILT_PRODUCTS_DIR)/TestSamples.app/TestSamples";
			};
			name = Debug;
		};
		07FB97D71B70989C00D1D8F8 /* Release */ = {
			isa = XCBuildConfiguration;
			baseConfigurationReference = 4BC08DCA4CECE28F5779E0D2 /* Pods-TestSamplesTests.release.xcconfig */;
			buildSettings = {
				BUNDLE_LOADER = "$(TEST_HOST)";
				FRAMEWORK_SEARCH_PATHS = (
					"$(SDKROOT)/Developer/Library/Frameworks",
					"$(inherited)",
				);
				INFOPLIST_FILE = TestSamplesTests/Info.plist;
				LD_RUNPATH_SEARCH_PATHS = "$(inherited) @executable_path/Frameworks @loader_path/Frameworks";
				PRODUCT_NAME = "$(TARGET_NAME)";
				TEST_HOST = "$(BUILT_PRODUCTS_DIR)/TestSamples.app/TestSamples";
			};
			name = Release;
		};
/* End XCBuildConfiguration section */

/* Begin XCConfigurationList section */
		07FB97AE1B70989C00D1D8F8 /* Build configuration list for PBXProject "TestSamples" */ = {
			isa = XCConfigurationList;
			buildConfigurations = (
				07FB97D01B70989C00D1D8F8 /* Debug */,
				07FB97D11B70989C00D1D8F8 /* Release */,
			);
			defaultConfigurationIsVisible = 0;
			defaultConfigurationName = Release;
		};
		07FB97D21B70989C00D1D8F8 /* Build configuration list for PBXNativeTarget "TestSamples" */ = {
			isa = XCConfigurationList;
			buildConfigurations = (
				07FB97D31B70989C00D1D8F8 /* Debug */,
				07FB97D41B70989C00D1D8F8 /* Release */,
			);
			defaultConfigurationIsVisible = 0;
			defaultConfigurationName = Release;
		};
		07FB97D51B70989C00D1D8F8 /* Build configuration list for PBXNativeTarget "TestSamplesTests" */ = {
			isa = XCConfigurationList;
			buildConfigurations = (
				07FB97D61B70989C00D1D8F8 /* Debug */,
				07FB97D71B70989C00D1D8F8 /* Release */,
			);
			defaultConfigurationIsVisible = 0;
			defaultConfigurationName = Release;
		};
/* End XCConfigurationList section */
	};
	rootObject = 07FB97AB1B70989C00D1D8F8 /* Project object */;
}
